
Microsoft Visual Studio Solution File, Format Version 12.00
# Visual Studio Version 17
VisualStudioVersion = 17.4.33110.190
MinimumVisualStudioVersion = 10.0.40219.1
Project("{FAE04EC0-301F-11D3-BF4B-00C04F79EFBC}") = "UniqueUsernames", "UniqueUsernames\UniqueUsernames.csproj", "{05B619D4-95EA-4AA8-B901-453616F7E992}"
EndProject
Project("{FAE04EC0-301F-11D3-BF4B-00C04F79EFBC}") = "SetsOfElements", "SetsOfElements\SetsOfElements.csproj", "{BA599B19-E7E8-48AA-A5B9-E460499CAA1D}"
EndProject
Project("{FAE04EC0-301F-11D3-BF4B-00C04F79EFBC}") = "PeriodicTable", "PeriodicTable\PeriodicTable.csproj", "{525B3084-9E02-4C73-975B-6956D855BE9F}"
EndProject
Project("{FAE04EC0-301F-11D3-BF4B-00C04F79EFBC}") = "EvenTimes", "EvenTimes\EvenTimes.csproj", "{673E2091-4B8C-4EDD-AD39-39DF625D7219}"
EndProject
Project("{FAE04EC0-301F-11D3-BF4B-00C04F79EFBC}") = "CountSymbols", "CountSymbols\CountSymbols.csproj", "{EF2E0670-29A7-48C5-B905-C39372BCE737}"
EndProject
Project("{FAE04EC0-301F-11D3-BF4B-00C04F79EFBC}") = "Wardrobe", "Wardrobe\Wardrobe.csproj", "{7614CD2B-298C-4A41-BDA9-2497ABC54E01}"
EndProject
Project("{FAE04EC0-301F-11D3-BF4B-00C04F79EFBC}") = "TheVLogger", "TheVLogger\TheVLogger.csproj", "{2E77F551-178F-4298-8E3E-81E630524991}"
EndProject
Global
	GlobalSection(SolutionConfigurationPlatforms) = preSolution
		Debug|Any CPU = Debug|Any CPU
		Release|Any CPU = Release|Any CPU
	EndGlobalSection
	GlobalSection(ProjectConfigurationPlatforms) = postSolution
		{05B619D4-95EA-4AA8-B901-453616F7E992}.Debug|Any CPU.ActiveCfg = Debug|Any CPU
		{05B619D4-95EA-4AA8-B901-453616F7E992}.Debug|Any CPU.Build.0 = Debug|Any CPU
		{05B619D4-95EA-4AA8-B901-453616F7E992}.Release|Any CPU.ActiveCfg = Release|Any CPU
		{05B619D4-95EA-4AA8-B901-453616F7E992}.Release|Any CPU.Build.0 = Release|Any CPU
		{BA599B19-E7E8-48AA-A5B9-E460499CAA1D}.Debug|Any CPU.ActiveCfg = Debug|Any CPU
		{BA599B19-E7E8-48AA-A5B9-E460499CAA1D}.Debug|Any CPU.Build.0 = Debug|Any CPU
		{BA599B19-E7E8-48AA-A5B9-E460499CAA1D}.Release|Any CPU.ActiveCfg = Release|Any CPU
		{BA599B19-E7E8-48AA-A5B9-E460499CAA1D}.Release|Any CPU.Build.0 = Release|Any CPU
		{525B3084-9E02-4C73-975B-6956D855BE9F}.Debug|Any CPU.ActiveCfg = Debug|Any CPU
		{525B3084-9E02-4C73-975B-6956D855BE9F}.Debug|Any CPU.Build.0 = Debug|Any CPU
		{525B3084-9E02-4C73-975B-6956D855BE9F}.Release|Any CPU.ActiveCfg = Release|Any CPU
		{525B3084-9E02-4C73-975B-6956D855BE9F}.Release|Any CPU.Build.0 = Release|Any CPU
		{673E2091-4B8C-4EDD-AD39-39DF625D7219}.Debug|Any CPU.ActiveCfg = Debug|Any CPU
		{673E2091-4B8C-4EDD-AD39-39DF625D7219}.Debug|Any CPU.Build.0 = Debug|Any CPU
		{673E2091-4B8C-4EDD-AD39-39DF625D7219}.Release|Any CPU.ActiveCfg = Release|Any CPU
		{673E2091-4B8C-4EDD-AD39-39DF625D7219}.Release|Any CPU.Build.0 = Release|Any CPU
		{EF2E0670-29A7-48C5-B905-C39372BCE737}.Debug|Any CPU.ActiveCfg = Debug|Any CPU
		{EF2E0670-29A7-48C5-B905-C39372BCE737}.Debug|Any CPU.Build.0 = Debug|Any CPU
		{EF2E0670-29A7-48C5-B905-C39372BCE737}.Release|Any CPU.ActiveCfg = Release|Any CPU
		{EF2E0670-29A7-48C5-B905-C39372BCE737}.Release|Any CPU.Build.0 = Release|Any CPU
		{7614CD2B-298C-4A41-BDA9-2497ABC54E01}.Debug|Any CPU.ActiveCfg = Debug|Any CPU
		{7614CD2B-298C-4A41-BDA9-2497ABC54E01}.Debug|Any CPU.Build.0 = Debug|Any CPU
		{7614CD2B-298C-4A41-BDA9-2497ABC54E01}.Release|Any CPU.ActiveCfg = Release|Any CPU
		{7614CD2B-298C-4A41-BDA9-2497ABC54E01}.Release|Any CPU.Build.0 = Release|Any CPU
		{2E77F551-178F-4298-8E3E-81E630524991}.Debug|Any CPU.ActiveCfg = Debug|Any CPU
		{2E77F551-178F-4298-8E3E-81E630524991}.Debug|Any CPU.Build.0 = Debug|Any CPU
		{2E77F551-178F-4298-8E3E-81E630524991}.Release|Any CPU.ActiveCfg = Release|Any CPU
		{2E77F551-178F-4298-8E3E-81E630524991}.Release|Any CPU.Build.0 = Release|Any CPU
	EndGlobalSection
	GlobalSection(SolutionProperties) = preSolution
		HideSolutionNode = FALSE
	EndGlobalSection
	GlobalSection(ExtensibilityGlobals) = postSolution
		SolutionGuid = {3232EB15-7AD6-4038-8BC4-FF4698FA0CA0}
	EndGlobalSection
EndGlobal
